
Microsoft Visual Studio Solution File, Format Version 12.00
# Visual Studio 2013
VisualStudioVersion = 12.0.30501.0
MinimumVisualStudioVersion = 10.0.40219.1
Project("{FAE04EC0-301F-11D3-BF4B-00C04F79EFBC}") = "GetYourJam(Working Title)", "GetYourJam(Working Title)\GetYourJam(Working Title).csproj", "{49468333-5E96-43AE-8B80-F71840DA3444}"
EndProject
Project("{2150E333-8FDC-42A3-9474-1A3956D46DE8}") = "PublishScripts", "PublishScripts", "{3FEB58DF-30CC-4B69-9AF5-5BD7EF9CEC7A}"
	ProjectSection(SolutionItems) = preProject
		PublishScripts\AzureWebsitePublishModule.psm1 = PublishScripts\AzureWebsitePublishModule.psm1
		PublishScripts\Publish-WebApplicationWebsite.ps1 = PublishScripts\Publish-WebApplicationWebsite.ps1
	EndProjectSection
EndProject
Project("{2150E333-8FDC-42A3-9474-1A3956D46DE8}") = "Configurations", "Configurations", "{5A2A689A-9DB4-4B12-8145-4D4536D4C61F}"
	ProjectSection(SolutionItems) = preProject
		PublishScripts\Configurations\GetYourJamWorkingTitle-WAWS-dev.json = PublishScripts\Configurations\GetYourJamWorkingTitle-WAWS-dev.json
	EndProjectSection
EndProject
Global
	GlobalSection(SolutionConfigurationPlatforms) = preSolution
		Debug|Any CPU = Debug|Any CPU
		Release|Any CPU = Release|Any CPU
	EndGlobalSection
	GlobalSection(ProjectConfigurationPlatforms) = postSolution
		{49468333-5E96-43AE-8B80-F71840DA3444}.Debug|Any CPU.ActiveCfg = Debug|Any CPU
		{49468333-5E96-43AE-8B80-F71840DA3444}.Debug|Any CPU.Build.0 = Debug|Any CPU
		{49468333-5E96-43AE-8B80-F71840DA3444}.Release|Any CPU.ActiveCfg = Release|Any CPU
		{49468333-5E96-43AE-8B80-F71840DA3444}.Release|Any CPU.Build.0 = Release|Any CPU
	EndGlobalSection
	GlobalSection(SolutionProperties) = preSolution
		HideSolutionNode = FALSE
	EndGlobalSection
	GlobalSection(NestedProjects) = preSolution
		{5A2A689A-9DB4-4B12-8145-4D4536D4C61F} = {3FEB58DF-30CC-4B69-9AF5-5BD7EF9CEC7A}
	EndGlobalSection
EndGlobal
